Microsoft Visual Studio Solution File, Format Version 12.00
# Visual Studio 14
VisualStudioVersion = 14.0.25420.1
MinimumVisualStudioVersion = 10.0.40219.1
Project("{FAE04EC0-301F-11D3-BF4B-00C04F79EFBC}") = "BaitNews", "DailyFail\BaitNews.csproj", "{E0D53868-4C48-48CB-8562-F257930012D4}"
EndProject
Project("{2150E333-8FDC-42A3-9474-1A3956D46DE8}") = "Mobile Apps", "Mobile Apps", "{4304AEFE-DB50-40A4-B536-E60BE47C3397}"
EndProject
Project("{2150E333-8FDC-42A3-9474-1A3956D46DE8}") = "Desktop", "Desktop", "{0C2C2818-6F14-4F2B-B8D9-C687D12CFB74}"
EndProject
Project("{FAE04EC0-301F-11D3-BF4B-00C04F79EFBC}") = "HeadlineManager", "HeadlineManager\HeadlineManager.csproj", "{DA3D87CC-2355-48C8-8A58-D8E34152BD2F}"
EndProject
Global
	GlobalSection(SolutionConfigurationPlatforms) = preSolution
		Debug|Any CPU = Debug|Any CPU
		Debug|iPhone = Debug|iPhone
		Debug|iPhoneSimulator = Debug|iPhoneSimulator
		Release|Any CPU = Release|Any CPU
		Release|iPhone = Release|iPhone
		Release|iPhoneSimulator = Release|iPhoneSimulator
	EndGlobalSection
	GlobalSection(ProjectConfigurationPlatforms) = postSolution
		{E0D53868-4C48-48CB-8562-F257930012D4}.Debug|Any CPU.ActiveCfg = Debug|iPhoneSimulator
		{E0D53868-4C48-48CB-8562-F257930012D4}.Debug|iPhone.ActiveCfg = Debug|iPhone
		{E0D53868-4C48-48CB-8562-F257930012D4}.Debug|iPhone.Build.0 = Debug|iPhone
		{E0D53868-4C48-48CB-8562-F257930012D4}.Debug|iPhoneSimulator.ActiveCfg = Debug|iPhoneSimulator
		{E0D53868-4C48-48CB-8562-F257930012D4}.Debug|iPhoneSimulator.Build.0 = Debug|iPhoneSimulator
		{E0D53868-4C48-48CB-8562-F257930012D4}.Release|Any CPU.ActiveCfg = Release|iPhoneSimulator
		{E0D53868-4C48-48CB-8562-F257930012D4}.Release|iPhone.ActiveCfg = Release|iPhone
		{E0D53868-4C48-48CB-8562-F257930012D4}.Release|iPhone.Build.0 = Release|iPhone
		{E0D53868-4C48-48CB-8562-F257930012D4}.Release|iPhoneSimulator.ActiveCfg = Release|iPhoneSimulator
		{E0D53868-4C48-48CB-8562-F257930012D4}.Release|iPhoneSimulator.Build.0 = Release|iPhoneSimulator
		{DA3D87CC-2355-48C8-8A58-D8E34152BD2F}.Debug|Any CPU.ActiveCfg = Debug|Any CPU
		{DA3D87CC-2355-48C8-8A58-D8E34152BD2F}.Debug|Any CPU.Build.0 = Debug|Any CPU
		{DA3D87CC-2355-48C8-8A58-D8E34152BD2F}.Debug|iPhone.ActiveCfg = Debug|Any CPU
		{DA3D87CC-2355-48C8-8A58-D8E34152BD2F}.Debug|iPhone.Build.0 = Debug|Any CPU
		{DA3D87CC-2355-48C8-8A58-D8E34152BD2F}.Debug|iPhoneSimulator.ActiveCfg = Debug|Any CPU
		{DA3D87CC-2355-48C8-8A58-D8E34152BD2F}.Debug|iPhoneSimulator.Build.0 = Debug|Any CPU
		{DA3D87CC-2355-48C8-8A58-D8E34152BD2F}.Release|Any CPU.ActiveCfg = Release|Any CPU
		{DA3D87CC-2355-48C8-8A58-D8E34152BD2F}.Release|Any CPU.Build.0 = Release|Any CPU
		{DA3D87CC-2355-48C8-8A58-D8E34152BD2F}.Release|iPhone.ActiveCfg = Release|Any CPU
		{DA3D87CC-2355-48C8-8A58-D8E34152BD2F}.Release|iPhone.Build.0 = Release|Any CPU
		{DA3D87CC-2355-48C8-8A58-D8E34152BD2F}.Release|iPhoneSimulator.ActiveCfg = Release|Any CPU
		{DA3D87CC-2355-48C8-8A58-D8E34152BD2F}.Release|iPhoneSimulator.Build.0 = Release|Any CPU
	EndGlobalSection
	GlobalSection(SolutionProperties) = preSolution
		HideSolutionNode = FALSE
	EndGlobalSection
	GlobalSection(NestedProjects) = preSolution
		{E0D53868-4C48-48CB-8562-F257930012D4} = {4304AEFE-DB50-40A4-B536-E60BE47C3397}
		{DA3D87CC-2355-48C8-8A58-D8E34152BD2F} = {0C2C2818-6F14-4F2B-B8D9-C687D12CFB74}
	EndGlobalSection
EndGlobal
