
Microsoft Visual Studio Solution File, Format Version 15.00
# Visual Studio 2017
Project("{FAE04EC0-301F-11D3-BF4B-00C04F79EFBC}") = "BaitNews.Services", "BaitNews.Services.csproj", "{6AFF6832-9301-4DB2-A330-EFF19F7FE8D8}"
EndProject
Global
	GlobalSection(SolutionConfigurationPlatforms) = preSolution
		Debug|Any CPU = Debug|Any CPU
		Release|Any CPU = Release|Any CPU
	EndGlobalSection
	GlobalSection(ProjectConfigurationPlatforms) = postSolution
		{6AFF6832-9301-4DB2-A330-EFF19F7FE8D8}.Debug|Any CPU.ActiveCfg = Debug|Any CPU
		{6AFF6832-9301-4DB2-A330-EFF19F7FE8D8}.Debug|Any CPU.Build.0 = Debug|Any CPU
		{6AFF6832-9301-4DB2-A330-EFF19F7FE8D8}.Release|Any CPU.ActiveCfg = Release|Any CPU
		{6AFF6832-9301-4DB2-A330-EFF19F7FE8D8}.Release|Any CPU.Build.0 = Release|Any CPU
	EndGlobalSection
EndGlobal
